# This file is auto-generated by Harn. Do not edit.

version = 1

[[package]]
name = "harn-openapi"
source = "git+https://github.com/burin-labs/harn-openapi"
rev_request = "main"
commit = "dbd1519cd8db9e77f7246ac97bbc1808c54c8c70"
content_hash = "sha256:28ac1fb9c36277eb6810b7cc26ad4ea161a43e82efc6d64bc7d7d8d510d99c6a"

[[package]]
name = "notion-sdk-harn"
source = "git+https://github.com/burin-labs/notion-sdk-harn"
rev_request = "ksinder/issue-445-package-ci"
commit = "95588b8bd3c1ebf4d32074113e715e9dedba191f"
content_hash = "sha256:0dd9b2b3122d694fd5d26f5cc997fafa4e258d9596066dc7461cf1586e7cc22a"
