# This file is auto-generated by Harn. Do not edit.

version = 3
generator_version = "0.8.26"
protocol_artifact_version = "0.8.26"

[[package]]
name = "harn-openapi"
source = "git+https://github.com/burin-labs/harn-openapi"
rev_request = "main"
commit = "dbd1519cd8db9e77f7246ac97bbc1808c54c8c70"
content_hash = "sha256:28ac1fb9c36277eb6810b7cc26ad4ea161a43e82efc6d64bc7d7d8d510d99c6a"
package_version = "0.0.0"
manifest_digest = "sha256:f9151f88bb57ef71d198811ff13e4755b61427122248b7566cb226ea12141134"

[[package.exports.modules]]
name = "default"
path = "src/lib.harn"

[[package.exports.modules]]
name = "types"
path = "src/types.harn"

[[package]]
name = "notion-sdk-harn"
source = "git+https://github.com/burin-labs/notion-sdk-harn"
rev_request = "ed555fa2ca4b23188c16b12b8a6655d4bef504eb"
commit = "ed555fa2ca4b23188c16b12b8a6655d4bef504eb"
content_hash = "sha256:0dd9b2b3122d694fd5d26f5cc997fafa4e258d9596066dc7461cf1586e7cc22a"
package_version = "0.0.0"
manifest_digest = "sha256:7f9df5bc65a827568a38fdebe79c171d6685c2b261dba30b5ebe88ab5ad21952"

[[package.exports.modules]]
name = "default"
path = "src/lib.harn"
