# This file is auto-generated by Harn. Do not edit.

version = 4
generator_version = "0.10.41"
protocol_artifact_version = "0.10.41"

[[package]]
name = "harn-openapi"
source = "git+https://github.com/burin-labs/harn-openapi"
rev_request = "1c74f168a009c1f654d3e96eccbe02d70836c19f"
commit = "1c74f168a009c1f654d3e96eccbe02d70836c19f"
content_hash = "sha256:84b132c9e9da61bf39257661e3ebd996ee81572f48d4272afd1bd0b4ade7f7a6"
package_version = "0.1.1-rc.1"
harn_compat = ">=0.10,<0.11"
manifest_digest = "sha256:2a59f9a3886bc1a55de52ba2eb5cd9c65ecb41876dc7a8902c8515351776e111"

[[package.exports.modules]]
name = "default"
path = "src/lib.harn"

[[package]]
name = "notion-sdk-harn"
source = "git+https://github.com/burin-labs/notion-sdk-harn"
rev_request = "v0.1.1"
commit = "f94d602557a6aae5a69a294a982333eedc7d5dc2"
content_hash = "sha256:234c3c5e84d20c5b8e1b5d1d58b2d2bdcc1ec55488eac1706f45e7d17adab059"
package_version = "0.1.1"
harn_compat = ">=0.10,<0.11"
manifest_digest = "sha256:3a23bf599077f12683c383f61305882277539f283505933d2651d0eb3717e260"

[[package.exports.modules]]
name = "default"
path = "src/lib.harn"

[[package.exports.modules]]
name = "helpers"
path = "src/helpers.harn"
